{
  "nodes": {
    "brew-src": {
      "flake": false,
      "locked": {
        "lastModified": 1786945682,
        "narHash": "sha256-VBESSoJccikdhxh3vp3SQeG7cZXTOulMvVkoSqNDEhs=",
        "owner": "Homebrew",
        "repo": "brew",
        "rev": "5b90e281d4e0c8fbd6ca4d8358276fb305b8d0bd",
        "type": "github"
      },
      "original": {
        "owner": "Homebrew",
        "ref": "6.0.18",
        "repo": "brew",
        "type": "github"
      }
    },
    "flake-parts": {
      "inputs": {
        "nixpkgs-lib": [
          "nixpkgs"
        ]
      },
      "locked": {
        "lastModified": 1787559586,
        "narHash": "sha256-onL0VLf9vPllmT0H/OlURIU5r5t5WIEl7t4tVNKT0Nw=",
        "owner": "hercules-ci",
        "repo": "flake-parts",
        "rev": "9d0d87172c374f89da73c1cfe6d81ae62feac1f1",
        "type": "github"
      },
      "original": {
        "owner": "hercules-ci",
        "repo": "flake-parts",
        "type": "github"
      }
    },
    "herdr": {
      "inputs": {
        "nixpkgs": [
          "nixpkgs"
        ],
        "rust-overlay": "rust-overlay"
      },
      "locked": {
        "lastModified": 1787161794,
        "narHash": "sha256-sEGIN3dLZasaHob3EHscWBCIQHflMQVchYmzgsETDk4=",
        "owner": "herdrdev",
        "repo": "herdr",
        "rev": "9eb521456ac0d19d3ab3d9d7cea3cca10baa8a4c",
        "type": "github"
      },
      "original": {
        "owner": "herdrdev",
        "ref": "v0.8.2",
        "repo": "herdr",
        "type": "github"
      }
    },
    "home-manager": {
      "inputs": {
        "nixpkgs": [
          "nixpkgs"
        ]
      },
      "locked": {
        "lastModified": 1787377438,
        "narHash": "sha256-Sxu1NLTD/Ern6hFGLlZmtKCSct3YQXZI/lls8RE1XeM=",
        "owner": "nix-community",
        "repo": "home-manager",
        "rev": "65258d5c65a250189fde2e35f490d15e064c4c62",
        "type": "github"
      },
      "original": {
        "owner": "nix-community",
        "ref": "release-26.05",
        "repo": "home-manager",
        "type": "github"
      }
    },
    "import-tree": {
      "locked": {
        "lastModified": 1784254960,
        "narHash": "sha256-iI88R3wHz8wTKQb5orvpc51L/Xr64AJyxid/0MKa/b8=",
        "owner": "vic",
        "repo": "import-tree",
        "rev": "4ebb10ae17d5f1ad366e7aef5b92cb8eecf24f69",
        "type": "github"
      },
      "original": {
        "owner": "vic",
        "repo": "import-tree",
        "type": "github"
      }
    },
    "nix-darwin": {
      "inputs": {
        "nixpkgs": [
          "nixpkgs"
        ]
      },
      "locked": {
        "lastModified": 1783744694,
        "narHash": "sha256-2cp6N3rrwnGYLTx9l6N+NI+kwrCWxvJUbj5WJhvB29A=",
        "owner": "LnL7",
        "repo": "nix-darwin",
        "rev": "c3e90c89649b07d1a96e4b9dd6cd0d6e44b91a74",
        "type": "github"
      },
      "original": {
        "owner": "LnL7",
        "ref": "nix-darwin-26.05",
        "repo": "nix-darwin",
        "type": "github"
      }
    },
    "nix-homebrew": {
      "inputs": {
        "brew-src": "brew-src"
      },
      "locked": {
        "lastModified": 1787330919,
        "narHash": "sha256-LslMncqN7uOOH5S88WZtO/EVt2HwD8ltUnfyANk+mC0=",
        "owner": "zhaofengli",
        "repo": "nix-homebrew",
        "rev": "b00218e4aec0e5bf07d61a0bb13f842faa582d7b",
        "type": "github"
      },
      "original": {
        "owner": "zhaofengli",
        "repo": "nix-homebrew",
        "type": "github"
      }
    },
    "nixpkgs": {
      "locked": {
        "lastModified": 1787940818,
        "narHash": "sha256-vFzVv78WlyEbTyV5BbrnicnV159wC0YPOcBe3QagyBI=",
        "owner": "NixOS",
        "repo": "nixpkgs",
        "rev": "f6107e546a5012172d93e79f1f7950da02ad798f",
        "type": "github"
      },
      "original": {
        "owner": "NixOS",
        "ref": "nixpkgs-26.05-darwin",
        "repo": "nixpkgs",
        "type": "github"
      }
    },
    "nixpkgs-unstable": {
      "locked": {
        "lastModified": 1787814960,
        "narHash": "sha256-PYZq1qzCJXC2zGI0mH07vrZBsw6DRBAOX0jN1pPtqOQ=",
        "owner": "NixOS",
        "repo": "nixpkgs",
        "rev": "c27cdad491a991b11ed731760aa2ef8db0cb0410",
        "type": "github"
      },
      "original": {
        "owner": "NixOS",
        "ref": "nixpkgs-unstable",
        "repo": "nixpkgs",
        "type": "github"
      }
    },
    "nixpkgs_2": {
      "locked": {
        "lastModified": 1787360063,
        "narHash": "sha256-95aJfHyQTLWslCXFVNB0odgmVkpdmDezQwTg9mhqV1E=",
        "rev": "2c423e03bbafcff28bfadc6781a4a8257f205cb5",
        "type": "tarball",
        "url": "https://releases.nixos.org/nixos/unstable/nixos-26.11pre1059570.2c423e03bbaf/nixexprs.tar.zst"
      },
      "original": {
        "type": "tarball",
        "url": "https://channels.nixos.org/nixos-unstable/nixexprs.tar.zst"
      }
    },
    "nixpkgs_3": {
      "locked": {
        "lastModified": 1787360063,
        "narHash": "sha256-95aJfHyQTLWslCXFVNB0odgmVkpdmDezQwTg9mhqV1E=",
        "rev": "2c423e03bbafcff28bfadc6781a4a8257f205cb5",
        "type": "tarball",
        "url": "https://releases.nixos.org/nixos/unstable/nixos-26.11pre1059570.2c423e03bbaf/nixexprs.tar.zst"
      },
      "original": {
        "type": "tarball",
        "url": "https://channels.nixos.org/nixos-unstable/nixexprs.tar.zst"
      }
    },
    "noctalia": {
      "inputs": {
        "nixpkgs": "nixpkgs_2"
      },
      "locked": {
        "lastModified": 1787962868,
        "narHash": "sha256-kST4FTVCH5qsMU9FWalSqMxt6JeBnnAT83cMWSeN5Dc=",
        "owner": "noctalia-dev",
        "repo": "noctalia",
        "rev": "4b03775fac344d87c078431f49e52c1e5b2be528",
        "type": "github"
      },
      "original": {
        "owner": "noctalia-dev",
        "ref": "cachix",
        "repo": "noctalia",
        "type": "github"
      }
    },
    "noctalia-greeter": {
      "inputs": {
        "nixpkgs": "nixpkgs_3"
      },
      "locked": {
        "lastModified": 1787856212,
        "narHash": "sha256-MMhia1PBaQoQ4iv5f09bGOT00Ni41z8awxXBl97T404=",
        "owner": "noctalia-dev",
        "repo": "noctalia-greeter",
        "rev": "eefd43230b34ffbaa9267fede4d8aef1a784294a",
        "type": "github"
      },
      "original": {
        "owner": "noctalia-dev",
        "repo": "noctalia-greeter",
        "type": "github"
      }
    },
    "root": {
      "inputs": {
        "flake-parts": "flake-parts",
        "herdr": "herdr",
        "home-manager": "home-manager",
        "import-tree": "import-tree",
        "nix-darwin": "nix-darwin",
        "nix-homebrew": "nix-homebrew",
        "nixpkgs": "nixpkgs",
        "nixpkgs-unstable": "nixpkgs-unstable",
        "noctalia": "noctalia",
        "noctalia-greeter": "noctalia-greeter",
        "rust-overlay": "rust-overlay_2"
      }
    },
    "rust-overlay": {
      "inputs": {
        "nixpkgs": [
          "herdr",
          "nixpkgs"
        ]
      },
      "locked": {
        "lastModified": 1783577481,
        "narHash": "sha256-EWMxOWrJ031f8f/lrcEmhTRs4npw1/5N3Hcjin846c8=",
        "owner": "oxalica",
        "repo": "rust-overlay",
        "rev": "4cdea398dc491b082dccdce0fad1ed0b75fa3394",
        "type": "github"
      },
      "original": {
        "owner": "oxalica",
        "repo": "rust-overlay",
        "type": "github"
      }
    },
    "rust-overlay_2": {
      "inputs": {
        "nixpkgs": [
          "nixpkgs"
        ]
      },
      "locked": {
        "lastModified": 1787993548,
        "narHash": "sha256-+IAEnmmx5YIhUWo0lp15jLLHchnXo5yKgWsi6C6Cf+0=",
        "owner": "oxalica",
        "repo": "rust-overlay",
        "rev": "996e9b0b019a4a9eb9e9a5641aefa06d801b5895",
        "type": "github"
      },
      "original": {
        "owner": "oxalica",
        "repo": "rust-overlay",
        "type": "github"
      }
    }
  },
  "root": "root",
  "version": 7
}
